
Microsoft Visual Studio Solution File, Format Version 12.00
# Visual Studio 15
VisualStudioVersion = 15.0.28307.1300
MinimumVisualStudioVersion = 10.0.40219.1
Project("{FAE04EC0-301F-11D3-BF4B-00C04F79EFBC}") = "Projet-Asp-Location-Voitures-2021", "Projet-Asp-Location-Voitures-2021\Projet-Asp-Location-Voitures-2021.csproj", "{76036ED8-49F8-4B67-ADE8-AEC136A84546}"
EndProject
Project("{FAE04EC0-301F-11D3-BF4B-00C04F79EFBC}") = "Projet-Asp-Location-Voitures-2021.Tests", "Projet-Asp-Location-Voitures-2021.Tests\Projet-Asp-Location-Voitures-2021.Tests.csproj", "{316B3945-A7A4-4D0C-860A-115FA7AD1D4E}"
EndProject
Global
	GlobalSection(SolutionConfigurationPlatforms) = preSolution
		Debug|Any CPU = Debug|Any CPU
		Release|Any CPU = Release|Any CPU
	EndGlobalSection
	GlobalSection(ProjectConfigurationPlatforms) = postSolution
		{76036ED8-49F8-4B67-ADE8-AEC136A84546}.Debug|Any CPU.ActiveCfg = Debug|Any CPU
		{76036ED8-49F8-4B67-ADE8-AEC136A84546}.Debug|Any CPU.Build.0 = Debug|Any CPU
		{76036ED8-49F8-4B67-ADE8-AEC136A84546}.Release|Any CPU.ActiveCfg = Release|Any CPU
		{76036ED8-49F8-4B67-ADE8-AEC136A84546}.Release|Any CPU.Build.0 = Release|Any CPU
		{316B3945-A7A4-4D0C-860A-115FA7AD1D4E}.Debug|Any CPU.ActiveCfg = Debug|Any CPU
		{316B3945-A7A4-4D0C-860A-115FA7AD1D4E}.Debug|Any CPU.Build.0 = Debug|Any CPU
		{316B3945-A7A4-4D0C-860A-115FA7AD1D4E}.Release|Any CPU.ActiveCfg = Release|Any CPU
		{316B3945-A7A4-4D0C-860A-115FA7AD1D4E}.Release|Any CPU.Build.0 = Release|Any CPU
	EndGlobalSection
	GlobalSection(SolutionProperties) = preSolution
		HideSolutionNode = FALSE
	EndGlobalSection
	GlobalSection(ExtensibilityGlobals) = postSolution
		SolutionGuid = {9CC2B232-1463-4919-BDAB-AF4D62275A91}
	EndGlobalSection
EndGlobal
